
Microsoft Visual Studio Solution File, Format Version 12.00
# Visual Studio Version 17
VisualStudioVersion = 17.3.32929.385
MinimumVisualStudioVersion = 10.0.40219.1
Project("{FAE04EC0-301F-11D3-BF4B-00C04F79EFBC}") = "Exercicio2", "Exercicio2.csproj", "{65D170B0-C65F-41B3-A3E5-7EB1A1D9BC61}"
EndProject
Global
	GlobalSection(SolutionConfigurationPlatforms) = preSolution
		Debug|Any CPU = Debug|Any CPU
		Release|Any CPU = Release|Any CPU
	EndGlobalSection
	GlobalSection(ProjectConfigurationPlatforms) = postSolution
		{65D170B0-C65F-41B3-A3E5-7EB1A1D9BC61}.Debug|Any CPU.ActiveCfg = Debug|Any CPU
		{65D170B0-C65F-41B3-A3E5-7EB1A1D9BC61}.Debug|Any CPU.Build.0 = Debug|Any CPU
		{65D170B0-C65F-41B3-A3E5-7EB1A1D9BC61}.Release|Any CPU.ActiveCfg = Release|Any CPU
		{65D170B0-C65F-41B3-A3E5-7EB1A1D9BC61}.Release|Any CPU.Build.0 = Release|Any CPU
	EndGlobalSection
	GlobalSection(SolutionProperties) = preSolution
		HideSolutionNode = FALSE
	EndGlobalSection
	GlobalSection(ExtensibilityGlobals) = postSolution
		SolutionGuid = {05316170-FB54-4F6A-9B78-0E3952FEB83A}
	EndGlobalSection
EndGlobal
