
Microsoft Visual Studio Solution File, Format Version 12.00
# Visual Studio Version 17
VisualStudioVersion = 17.3.32929.385
MinimumVisualStudioVersion = 10.0.40219.1
Project("{FAE04EC0-301F-11D3-BF4B-00C04F79EFBC}") = "Exercicio9", "Exercicio9.csproj", "{1AEA64E7-F180-4301-AFDD-6E520EBA368C}"
EndProject
Global
	GlobalSection(SolutionConfigurationPlatforms) = preSolution
		Debug|Any CPU = Debug|Any CPU
		Release|Any CPU = Release|Any CPU
	EndGlobalSection
	GlobalSection(ProjectConfigurationPlatforms) = postSolution
		{1AEA64E7-F180-4301-AFDD-6E520EBA368C}.Debug|Any CPU.ActiveCfg = Debug|Any CPU
		{1AEA64E7-F180-4301-AFDD-6E520EBA368C}.Debug|Any CPU.Build.0 = Debug|Any CPU
		{1AEA64E7-F180-4301-AFDD-6E520EBA368C}.Release|Any CPU.ActiveCfg = Release|Any CPU
		{1AEA64E7-F180-4301-AFDD-6E520EBA368C}.Release|Any CPU.Build.0 = Release|Any CPU
	EndGlobalSection
	GlobalSection(SolutionProperties) = preSolution
		HideSolutionNode = FALSE
	EndGlobalSection
	GlobalSection(ExtensibilityGlobals) = postSolution
		SolutionGuid = {1AA8C237-B042-44E2-9CDF-0FDF2B1A9FDC}
	EndGlobalSection
EndGlobal
