
Microsoft Visual Studio Solution File, Format Version 12.00
# Visual Studio Version 17
VisualStudioVersion = 17.3.32929.385
MinimumVisualStudioVersion = 10.0.40219.1
Project("{FAE04EC0-301F-11D3-BF4B-00C04F79EFBC}") = "Exercicio10", "Exercicio10.csproj", "{5219B484-9CA2-4D15-8EB4-865D8D200777}"
EndProject
Global
	GlobalSection(SolutionConfigurationPlatforms) = preSolution
		Debug|Any CPU = Debug|Any CPU
		Release|Any CPU = Release|Any CPU
	EndGlobalSection
	GlobalSection(ProjectConfigurationPlatforms) = postSolution
		{5219B484-9CA2-4D15-8EB4-865D8D200777}.Debug|Any CPU.ActiveCfg = Debug|Any CPU
		{5219B484-9CA2-4D15-8EB4-865D8D200777}.Debug|Any CPU.Build.0 = Debug|Any CPU
		{5219B484-9CA2-4D15-8EB4-865D8D200777}.Release|Any CPU.ActiveCfg = Release|Any CPU
		{5219B484-9CA2-4D15-8EB4-865D8D200777}.Release|Any CPU.Build.0 = Release|Any CPU
	EndGlobalSection
	GlobalSection(SolutionProperties) = preSolution
		HideSolutionNode = FALSE
	EndGlobalSection
	GlobalSection(ExtensibilityGlobals) = postSolution
		SolutionGuid = {A8F7ADB4-5F1C-47D9-86E4-6468B9932AE8}
	EndGlobalSection
EndGlobal
