
Microsoft Visual Studio Solution File, Format Version 12.00
# Visual Studio Version 17
VisualStudioVersion = 17.3.32929.385
MinimumVisualStudioVersion = 10.0.40219.1
Project("{FAE04EC0-301F-11D3-BF4B-00C04F79EFBC}") = "Exercicio16", "Exercicio16.csproj", "{2FDCE019-EDA7-406A-944E-871A94BD1F4E}"
EndProject
Global
	GlobalSection(SolutionConfigurationPlatforms) = preSolution
		Debug|Any CPU = Debug|Any CPU
		Release|Any CPU = Release|Any CPU
	EndGlobalSection
	GlobalSection(ProjectConfigurationPlatforms) = postSolution
		{2FDCE019-EDA7-406A-944E-871A94BD1F4E}.Debug|Any CPU.ActiveCfg = Debug|Any CPU
		{2FDCE019-EDA7-406A-944E-871A94BD1F4E}.Debug|Any CPU.Build.0 = Debug|Any CPU
		{2FDCE019-EDA7-406A-944E-871A94BD1F4E}.Release|Any CPU.ActiveCfg = Release|Any CPU
		{2FDCE019-EDA7-406A-944E-871A94BD1F4E}.Release|Any CPU.Build.0 = Release|Any CPU
	EndGlobalSection
	GlobalSection(SolutionProperties) = preSolution
		HideSolutionNode = FALSE
	EndGlobalSection
	GlobalSection(ExtensibilityGlobals) = postSolution
		SolutionGuid = {59890AAC-61FB-40FF-A992-04B4F0029914}
	EndGlobalSection
EndGlobal
